
Microsoft Visual Studio Solution File, Format Version 12.00
# Visual Studio Version 16
VisualStudioVersion = 16.0.30523.141
MinimumVisualStudioVersion = 10.0.40219.1
Project("{FAE04EC0-301F-11D3-BF4B-00C04F79EFBC}") = "AutomacaoComBatista_Selenium", "AutomacaoComBatista_Selenium.csproj", "{BBA01AC3-1D08-4939-A0EE-9D695AD22085}"
EndProject
Global
	GlobalSection(SolutionConfigurationPlatforms) = preSolution
		Debug|Any CPU = Debug|Any CPU
		Release|Any CPU = Release|Any CPU
	EndGlobalSection
	GlobalSection(ProjectConfigurationPlatforms) = postSolution
		{BBA01AC3-1D08-4939-A0EE-9D695AD22085}.Debug|Any CPU.ActiveCfg = Debug|Any CPU
		{BBA01AC3-1D08-4939-A0EE-9D695AD22085}.Debug|Any CPU.Build.0 = Debug|Any CPU
		{BBA01AC3-1D08-4939-A0EE-9D695AD22085}.Release|Any CPU.ActiveCfg = Release|Any CPU
		{BBA01AC3-1D08-4939-A0EE-9D695AD22085}.Release|Any CPU.Build.0 = Release|Any CPU
	EndGlobalSection
	GlobalSection(SolutionProperties) = preSolution
		HideSolutionNode = FALSE
	EndGlobalSection
	GlobalSection(ExtensibilityGlobals) = postSolution
		SolutionGuid = {00EEB5A0-0053-4AFF-965F-9DF178F191BD}
	EndGlobalSection
EndGlobal
